# This file is generated by running "yarn install" inside your project.
# Manual changes might be lost - proceed with caution!

__metadata:
  version: 8
  cacheKey: 10c0

"ember-link@workspace:.":
  version: 0.0.0-use.local
  resolution: "ember-link@workspace:."
  dependencies:
    prettier: "npm:^3.1.1"
  languageName: unknown
  linkType: soft

"prettier@npm:^3.1.1":
  version: 3.4.2
  resolution: "prettier@npm:3.4.2"
  bin:
    prettier: bin/prettier.cjs
  checksum: 10c0/99e076a26ed0aba4ebc043880d0f08bbb8c59a4c6641cdee6cdadf2205bdd87aa1d7823f50c3aea41e015e99878d37c58d7b5f0e663bba0ef047f94e36b96446
  languageName: node
  linkType: hard

"robot3@npm:^1.0.1":
  version: 1.0.1
  resolution: "robot3@npm:1.0.1"
  checksum: 10c0/74267f5e9384a4265204e933d1dddcc411a29891ffe6d41d3f472594ae416afa18262440958b4dbe4345b853f944decff10641021b686e4487b7025f620015ac
  languageName: node
  linkType: hard

"socket-client@workspace:packages/socket-client":
  version: 0.0.0-use.local
  resolution: "socket-client@workspace:packages/socket-client"
  dependencies:
    robot3: "npm:^1.0.1"
    typescript: "npm:^5.7.2"
    xstate: "npm:^5.19.0"
  peerDependencies:
    typescript: ^5.0.0
  languageName: unknown
  linkType: soft

"typescript@npm:^5.7.2":
  version: 5.7.2
  resolution: "typescript@npm:5.7.2"
  bin:
    tsc: bin/tsc
    tsserver: bin/tsserver
  checksum: 10c0/a873118b5201b2ef332127ef5c63fb9d9c155e6fdbe211cbd9d8e65877283797cca76546bad742eea36ed7efbe3424a30376818f79c7318512064e8625d61622
  languageName: node
  linkType: hard

"typescript@patch:typescript@npm%3A^5.7.2#optional!builtin<compat/typescript>":
  version: 5.7.2
  resolution: "typescript@patch:typescript@npm%3A5.7.2#optional!builtin<compat/typescript>::version=5.7.2&hash=5786d5"
  bin:
    tsc: bin/tsc
    tsserver: bin/tsserver
  checksum: 10c0/f3b8082c9d1d1629a215245c9087df56cb784f9fb6f27b5d55577a20e68afe2a889c040aacff6d27e35be165ecf9dca66e694c42eb9a50b3b2c451b36b5675cb
  languageName: node
  linkType: hard

"xstate@npm:^5.19.0":
  version: 5.19.0
  resolution: "xstate@npm:5.19.0"
  checksum: 10c0/42a55786d517462b927209cbf96e168f4e287d0248bc460e3ba05a51c4a7761c2a5b81c2e8f53d22007571933ee11f62eaa7d8303caec481bd0f47814e68ad53
  languageName: node
  linkType: hard
